Microsoft Visual Studio Solution File, Format Version 11.00
# Visual Studio 2008

Project("{298931FE-05E6-D480-F245-1ABFCB9E59D5}") = "EEG Android", "Assembly-CSharp.csproj", "{2656F1AB-9AE9-A1DE-E3B8-83D77B49C70D}"
EndProject
Global
	GlobalSection(SolutionConfigurationPlatforms) = preSolution
		Debug|Any CPU = Debug|Any CPU
		Release|Any CPU = Release|Any CPU
	EndGlobalSection
	GlobalSection(ProjectConfigurationPlatforms) = postSolution
		{2656F1AB-9AE9-A1DE-E3B8-83D77B49C70D}.Debug|Any CPU.ActiveCfg = Debug|Any CPU
		{2656F1AB-9AE9-A1DE-E3B8-83D77B49C70D}.Debug|Any CPU.Build.0 = Debug|Any CPU
		{2656F1AB-9AE9-A1DE-E3B8-83D77B49C70D}.Release|Any CPU.ActiveCfg = Release|Any CPU
		{2656F1AB-9AE9-A1DE-E3B8-83D77B49C70D}.Release|Any CPU.Build.0 = Release|Any CPU
	EndGlobalSection
	GlobalSection(SolutionProperties) = preSolution
		HideSolutionNode = FALSE
	EndGlobalSection
	GlobalSection(MonoDevelopProperties) = preSolution
		StartupItem = Assembly-CSharp.csproj
	EndGlobalSection
EndGlobal
